{
  "originHash" : "4acfbc3ade2617ca74fddd419ea8be1d69624262f6581e9269949fb21fa173e1",
  "pins" : [
    {
      "identity" : "needle",
      "kind" : "remoteSourceControl",
      "location" : "https://github.com/uber/needle.git",
      "state" : {
        "revision" : "69f7a889d2736f2621c6083ac29e0a75d158f249",
        "version" : "0.25.1"
      }
    },
    {
      "identity" : "swift-redux",
      "kind" : "remoteSourceControl",
      "location" : "https://github.com/adamayoung/swift-redux.git",
      "state" : {
        "revision" : "fd78e8134c2c382923487346a9fcbecb3810074c",
        "version" : "1.1.1"
      }
    }
  ],
  "version" : 3
}
